
Microsoft Visual Studio Solution File, Format Version 12.00
# Visual Studio Version 17
VisualStudioVersion = 17.5.33516.290
MinimumVisualStudioVersion = 10.0.40219.1
Project("{FAE04EC0-301F-11D3-BF4B-00C04F79EFBC}") = "lanzamientoexcepciones", "lanzamientoexcepciones.csproj", "{AFB83ECA-A87F-4E6A-A207-9DD44B5D1442}"
EndProject
Global
	GlobalSection(SolutionConfigurationPlatforms) = preSolution
		Debug|Any CPU = Debug|Any CPU
		Release|Any CPU = Release|Any CPU
	EndGlobalSection
	GlobalSection(ProjectConfigurationPlatforms) = postSolution
		{AFB83ECA-A87F-4E6A-A207-9DD44B5D1442}.Debug|Any CPU.ActiveCfg = Debug|Any CPU
		{AFB83ECA-A87F-4E6A-A207-9DD44B5D1442}.Debug|Any CPU.Build.0 = Debug|Any CPU
		{AFB83ECA-A87F-4E6A-A207-9DD44B5D1442}.Release|Any CPU.ActiveCfg = Release|Any CPU
		{AFB83ECA-A87F-4E6A-A207-9DD44B5D1442}.Release|Any CPU.Build.0 = Release|Any CPU
	EndGlobalSection
	GlobalSection(SolutionProperties) = preSolution
		HideSolutionNode = FALSE
	EndGlobalSection
	GlobalSection(ExtensibilityGlobals) = postSolution
		SolutionGuid = {46D04A6E-5C75-409D-A1CA-5C2B6303523D}
	EndGlobalSection
EndGlobal
